
Microsoft Visual Studio Solution File, Format Version 12.00
# Visual Studio Version 17
VisualStudioVersion = 17.9.34728.123
MinimumVisualStudioVersion = 10.0.40219.1
Project("{FAE04EC0-301F-11D3-BF4B-00C04F79EFBC}") = "PayBank", "PayBank\PayBank.csproj", "{AAD496FD-9545-4C65-822B-857C14637A49}"
EndProject
Project("{2150E333-8FDC-42A3-9474-1A3956D46DE8}") = "Core", "Core", "{5D858A69-4D82-48B6-BA3C-D70FDA40C14E}"
EndProject
Project("{FAE04EC0-301F-11D3-BF4B-00C04F79EFBC}") = "Core.DBUtils", "Core.DBUtils\Core.DBUtils.csproj", "{02E9D0CF-8CF5-4F43-B1FC-6D6921639E42}"
EndProject
Project("{FAE04EC0-301F-11D3-BF4B-00C04F79EFBC}") = "Core.Utils", "Core.Utils\Core.Utils.csproj", "{1A8CB79D-1AEC-48B7-814E-2E586D362070}"
EndProject
Project("{FAE04EC0-301F-11D3-BF4B-00C04F79EFBC}") = "Core.Model", "Core.Model\Core.Model.csproj", "{94F78473-9C34-4650-9C66-3880B2FD928D}"
EndProject
Project("{FAE04EC0-301F-11D3-BF4B-00C04F79EFBC}") = "Core.Repositories", "Repositories\Core.Repositories.csproj", "{692BAB1D-BA4C-481A-AE35-EEB7ECEF9F3F}"
	ProjectSection(ProjectDependencies) = postProject
		{1A8CB79D-1AEC-48B7-814E-2E586D362070} = {1A8CB79D-1AEC-48B7-814E-2E586D362070}
	EndProjectSection
EndProject
Project("{FAE04EC0-301F-11D3-BF4B-00C04F79EFBC}") = "Core.DBModel", "Core.DBModel\Core.DBModel.csproj", "{9DF7CE5B-D8FB-4702-BB95-B49A1D0F7E37}"
EndProject
Project("{FAE04EC0-301F-11D3-BF4B-00C04F79EFBC}") = "Core.UnitTests", "Core.UnitTests\Core.UnitTests.csproj", "{FAF66D9C-5486-495F-B91A-19230BFB06FD}"
EndProject
Global
	GlobalSection(SolutionConfigurationPlatforms) = preSolution
		Debug|Any CPU = Debug|Any CPU
		Debug|x64 = Debug|x64
		Debug|x86 = Debug|x86
		Release|Any CPU = Release|Any CPU
		Release|x64 = Release|x64
		Release|x86 = Release|x86
	EndGlobalSection
	GlobalSection(ProjectConfigurationPlatforms) = postSolution
		{AAD496FD-9545-4C65-822B-857C14637A49}.Debug|Any CPU.ActiveCfg = Debug|Any CPU
		{AAD496FD-9545-4C65-822B-857C14637A49}.Debug|Any CPU.Build.0 = Debug|Any CPU
		{AAD496FD-9545-4C65-822B-857C14637A49}.Debug|x64.ActiveCfg = Debug|Any CPU
		{AAD496FD-9545-4C65-822B-857C14637A49}.Debug|x64.Build.0 = Debug|Any CPU
		{AAD496FD-9545-4C65-822B-857C14637A49}.Debug|x86.ActiveCfg = Debug|Any CPU
		{AAD496FD-9545-4C65-822B-857C14637A49}.Debug|x86.Build.0 = Debug|Any CPU
		{AAD496FD-9545-4C65-822B-857C14637A49}.Release|Any CPU.ActiveCfg = Release|Any CPU
		{AAD496FD-9545-4C65-822B-857C14637A49}.Release|Any CPU.Build.0 = Release|Any CPU
		{AAD496FD-9545-4C65-822B-857C14637A49}.Release|x64.ActiveCfg = Release|Any CPU
		{AAD496FD-9545-4C65-822B-857C14637A49}.Release|x64.Build.0 = Release|Any CPU
		{AAD496FD-9545-4C65-822B-857C14637A49}.Release|x86.ActiveCfg = Release|Any CPU
		{AAD496FD-9545-4C65-822B-857C14637A49}.Release|x86.Build.0 = Release|Any CPU
		{02E9D0CF-8CF5-4F43-B1FC-6D6921639E42}.Debug|Any CPU.ActiveCfg = Debug|Any CPU
		{02E9D0CF-8CF5-4F43-B1FC-6D6921639E42}.Debug|Any CPU.Build.0 = Debug|Any CPU
		{02E9D0CF-8CF5-4F43-B1FC-6D6921639E42}.Debug|x64.ActiveCfg = Debug|Any CPU
		{02E9D0CF-8CF5-4F43-B1FC-6D6921639E42}.Debug|x64.Build.0 = Debug|Any CPU
		{02E9D0CF-8CF5-4F43-B1FC-6D6921639E42}.Debug|x86.ActiveCfg = Debug|Any CPU
		{02E9D0CF-8CF5-4F43-B1FC-6D6921639E42}.Debug|x86.Build.0 = Debug|Any CPU
		{02E9D0CF-8CF5-4F43-B1FC-6D6921639E42}.Release|Any CPU.ActiveCfg = Release|Any CPU
		{02E9D0CF-8CF5-4F43-B1FC-6D6921639E42}.Release|Any CPU.Build.0 = Release|Any CPU
		{02E9D0CF-8CF5-4F43-B1FC-6D6921639E42}.Release|x64.ActiveCfg = Release|Any CPU
		{02E9D0CF-8CF5-4F43-B1FC-6D6921639E42}.Release|x64.Build.0 = Release|Any CPU
		{02E9D0CF-8CF5-4F43-B1FC-6D6921639E42}.Release|x86.ActiveCfg = Release|Any CPU
		{02E9D0CF-8CF5-4F43-B1FC-6D6921639E42}.Release|x86.Build.0 = Release|Any CPU
		{1A8CB79D-1AEC-48B7-814E-2E586D362070}.Debug|Any CPU.ActiveCfg = Debug|Any CPU
		{1A8CB79D-1AEC-48B7-814E-2E586D362070}.Debug|Any CPU.Build.0 = Debug|Any CPU
		{1A8CB79D-1AEC-48B7-814E-2E586D362070}.Debug|x64.ActiveCfg = Debug|Any CPU
		{1A8CB79D-1AEC-48B7-814E-2E586D362070}.Debug|x64.Build.0 = Debug|Any CPU
		{1A8CB79D-1AEC-48B7-814E-2E586D362070}.Debug|x86.ActiveCfg = Debug|Any CPU
		{1A8CB79D-1AEC-48B7-814E-2E586D362070}.Debug|x86.Build.0 = Debug|Any CPU
		{1A8CB79D-1AEC-48B7-814E-2E586D362070}.Release|Any CPU.ActiveCfg = Release|Any CPU
		{1A8CB79D-1AEC-48B7-814E-2E586D362070}.Release|Any CPU.Build.0 = Release|Any CPU
		{1A8CB79D-1AEC-48B7-814E-2E586D362070}.Release|x64.ActiveCfg = Release|Any CPU
		{1A8CB79D-1AEC-48B7-814E-2E586D362070}.Release|x64.Build.0 = Release|Any CPU
		{1A8CB79D-1AEC-48B7-814E-2E586D362070}.Release|x86.ActiveCfg = Release|Any CPU
		{1A8CB79D-1AEC-48B7-814E-2E586D362070}.Release|x86.Build.0 = Release|Any CPU
		{94F78473-9C34-4650-9C66-3880B2FD928D}.Debug|Any CPU.ActiveCfg = Debug|Any CPU
		{94F78473-9C34-4650-9C66-3880B2FD928D}.Debug|Any CPU.Build.0 = Debug|Any CPU
		{94F78473-9C34-4650-9C66-3880B2FD928D}.Debug|x64.ActiveCfg = Debug|Any CPU
		{94F78473-9C34-4650-9C66-3880B2FD928D}.Debug|x64.Build.0 = Debug|Any CPU
		{94F78473-9C34-4650-9C66-3880B2FD928D}.Debug|x86.ActiveCfg = Debug|Any CPU
		{94F78473-9C34-4650-9C66-3880B2FD928D}.Debug|x86.Build.0 = Debug|Any CPU
		{94F78473-9C34-4650-9C66-3880B2FD928D}.Release|Any CPU.ActiveCfg = Release|Any CPU
		{94F78473-9C34-4650-9C66-3880B2FD928D}.Release|Any CPU.Build.0 = Release|Any CPU
		{94F78473-9C34-4650-9C66-3880B2FD928D}.Release|x64.ActiveCfg = Release|Any CPU
		{94F78473-9C34-4650-9C66-3880B2FD928D}.Release|x64.Build.0 = Release|Any CPU
		{94F78473-9C34-4650-9C66-3880B2FD928D}.Release|x86.ActiveCfg = Release|Any CPU
		{94F78473-9C34-4650-9C66-3880B2FD928D}.Release|x86.Build.0 = Release|Any CPU
		{692BAB1D-BA4C-481A-AE35-EEB7ECEF9F3F}.Debug|Any CPU.ActiveCfg = Debug|Any CPU
		{692BAB1D-BA4C-481A-AE35-EEB7ECEF9F3F}.Debug|Any CPU.Build.0 = Debug|Any CPU
		{692BAB1D-BA4C-481A-AE35-EEB7ECEF9F3F}.Debug|x64.ActiveCfg = Debug|Any CPU
		{692BAB1D-BA4C-481A-AE35-EEB7ECEF9F3F}.Debug|x64.Build.0 = Debug|Any CPU
		{692BAB1D-BA4C-481A-AE35-EEB7ECEF9F3F}.Debug|x86.ActiveCfg = Debug|Any CPU
		{692BAB1D-BA4C-481A-AE35-EEB7ECEF9F3F}.Debug|x86.Build.0 = Debug|Any CPU
		{692BAB1D-BA4C-481A-AE35-EEB7ECEF9F3F}.Release|Any CPU.ActiveCfg = Release|Any CPU
		{692BAB1D-BA4C-481A-AE35-EEB7ECEF9F3F}.Release|Any CPU.Build.0 = Release|Any CPU
		{692BAB1D-BA4C-481A-AE35-EEB7ECEF9F3F}.Release|x64.ActiveCfg = Release|Any CPU
		{692BAB1D-BA4C-481A-AE35-EEB7ECEF9F3F}.Release|x64.Build.0 = Release|Any CPU
		{692BAB1D-BA4C-481A-AE35-EEB7ECEF9F3F}.Release|x86.ActiveCfg = Release|Any CPU
		{692BAB1D-BA4C-481A-AE35-EEB7ECEF9F3F}.Release|x86.Build.0 = Release|Any CPU
		{9DF7CE5B-D8FB-4702-BB95-B49A1D0F7E37}.Debug|Any CPU.ActiveCfg = Debug|Any CPU
		{9DF7CE5B-D8FB-4702-BB95-B49A1D0F7E37}.Debug|Any CPU.Build.0 = Debug|Any CPU
		{9DF7CE5B-D8FB-4702-BB95-B49A1D0F7E37}.Debug|x64.ActiveCfg = Debug|Any CPU
		{9DF7CE5B-D8FB-4702-BB95-B49A1D0F7E37}.Debug|x64.Build.0 = Debug|Any CPU
		{9DF7CE5B-D8FB-4702-BB95-B49A1D0F7E37}.Debug|x86.ActiveCfg = Debug|Any CPU
		{9DF7CE5B-D8FB-4702-BB95-B49A1D0F7E37}.Debug|x86.Build.0 = Debug|Any CPU
		{9DF7CE5B-D8FB-4702-BB95-B49A1D0F7E37}.Release|Any CPU.ActiveCfg = Release|Any CPU
		{9DF7CE5B-D8FB-4702-BB95-B49A1D0F7E37}.Release|Any CPU.Build.0 = Release|Any CPU
		{9DF7CE5B-D8FB-4702-BB95-B49A1D0F7E37}.Release|x64.ActiveCfg = Release|Any CPU
		{9DF7CE5B-D8FB-4702-BB95-B49A1D0F7E37}.Release|x64.Build.0 = Release|Any CPU
		{9DF7CE5B-D8FB-4702-BB95-B49A1D0F7E37}.Release|x86.ActiveCfg = Release|Any CPU
		{9DF7CE5B-D8FB-4702-BB95-B49A1D0F7E37}.Release|x86.Build.0 = Release|Any CPU
		{FAF66D9C-5486-495F-B91A-19230BFB06FD}.Debug|Any CPU.ActiveCfg = Debug|Any CPU
		{FAF66D9C-5486-495F-B91A-19230BFB06FD}.Debug|Any CPU.Build.0 = Debug|Any CPU
		{FAF66D9C-5486-495F-B91A-19230BFB06FD}.Debug|x64.ActiveCfg = Debug|Any CPU
		{FAF66D9C-5486-495F-B91A-19230BFB06FD}.Debug|x64.Build.0 = Debug|Any CPU
		{FAF66D9C-5486-495F-B91A-19230BFB06FD}.Debug|x86.ActiveCfg = Debug|Any CPU
		{FAF66D9C-5486-495F-B91A-19230BFB06FD}.Debug|x86.Build.0 = Debug|Any CPU
		{FAF66D9C-5486-495F-B91A-19230BFB06FD}.Release|Any CPU.ActiveCfg = Release|Any CPU
		{FAF66D9C-5486-495F-B91A-19230BFB06FD}.Release|Any CPU.Build.0 = Release|Any CPU
		{FAF66D9C-5486-495F-B91A-19230BFB06FD}.Release|x64.ActiveCfg = Release|Any CPU
		{FAF66D9C-5486-495F-B91A-19230BFB06FD}.Release|x64.Build.0 = Release|Any CPU
		{FAF66D9C-5486-495F-B91A-19230BFB06FD}.Release|x86.ActiveCfg = Release|Any CPU
		{FAF66D9C-5486-495F-B91A-19230BFB06FD}.Release|x86.Build.0 = Release|Any CPU
	EndGlobalSection
	GlobalSection(SolutionProperties) = preSolution
		HideSolutionNode = FALSE
	EndGlobalSection
	GlobalSection(NestedProjects) = preSolution
		{02E9D0CF-8CF5-4F43-B1FC-6D6921639E42} = {5D858A69-4D82-48B6-BA3C-D70FDA40C14E}
		{1A8CB79D-1AEC-48B7-814E-2E586D362070} = {5D858A69-4D82-48B6-BA3C-D70FDA40C14E}
		{94F78473-9C34-4650-9C66-3880B2FD928D} = {5D858A69-4D82-48B6-BA3C-D70FDA40C14E}
		{692BAB1D-BA4C-481A-AE35-EEB7ECEF9F3F} = {5D858A69-4D82-48B6-BA3C-D70FDA40C14E}
		{9DF7CE5B-D8FB-4702-BB95-B49A1D0F7E37} = {5D858A69-4D82-48B6-BA3C-D70FDA40C14E}
		{FAF66D9C-5486-495F-B91A-19230BFB06FD} = {5D858A69-4D82-48B6-BA3C-D70FDA40C14E}
	EndGlobalSection
	GlobalSection(ExtensibilityGlobals) = postSolution
		SolutionGuid = {466C018F-9C8B-4191-B0CF-3B1782D0E83D}
	EndGlobalSection
EndGlobal
